
Microsoft Visual Studio Solution File, Format Version 12.00
# Visual Studio Version 16
VisualStudioVersion = 16.0.32002.261
MinimumVisualStudioVersion = 10.0.40219.1
Project("{FAE04EC0-301F-11D3-BF4B-00C04F79EFBC}") = "Elc", "Elc\Elc.csproj", "{C9389C71-2806-498D-898C-D183C0556A19}"
EndProject
Global
	GlobalSection(SolutionConfigurationPlatforms) = preSolution
		Debug|Any CPU = Debug|Any CPU
		Release|Any CPU = Release|Any CPU
	EndGlobalSection
	GlobalSection(ProjectConfigurationPlatforms) = postSolution
		{C9389C71-2806-498D-898C-D183C0556A19}.Debug|Any CPU.ActiveCfg = Debug|Any CPU
		{C9389C71-2806-498D-898C-D183C0556A19}.Debug|Any CPU.Build.0 = Debug|Any CPU
		{C9389C71-2806-498D-898C-D183C0556A19}.Release|Any CPU.ActiveCfg = Release|Any CPU
		{C9389C71-2806-498D-898C-D183C0556A19}.Release|Any CPU.Build.0 = Release|Any CPU
	EndGlobalSection
	GlobalSection(SolutionProperties) = preSolution
		HideSolutionNode = FALSE
	EndGlobalSection
	GlobalSection(ExtensibilityGlobals) = postSolution
		SolutionGuid = {288E3975-2183-4C33-9254-44C260072915}
	EndGlobalSection
EndGlobal
